
Microsoft Visual Studio Solution File, Format Version 12.00
# Visual Studio Version 17
VisualStudioVersion = 17.4.33205.214
MinimumVisualStudioVersion = 10.0.40219.1
Project("{FAE04EC0-301F-11D3-BF4B-00C04F79EFBC}") = "InterfacesDemo", "InterfacesDemo\InterfacesDemo.csproj", "{0C52CC07-16F7-4DC8-960B-3F9C6F65AB02}"
EndProject
Project("{FAE04EC0-301F-11D3-BF4B-00C04F79EFBC}") = "DemoLibrary", "DemoLibrary\DemoLibrary.csproj", "{7ECF92A9-A9E3-4BC0-96C1-242DF0BC26B5}"
EndProject
Global
	GlobalSection(SolutionConfigurationPlatforms) = preSolution
		Debug|Any CPU = Debug|Any CPU
		Release|Any CPU = Release|Any CPU
	EndGlobalSection
	GlobalSection(ProjectConfigurationPlatforms) = postSolution
		{0C52CC07-16F7-4DC8-960B-3F9C6F65AB02}.Debug|Any CPU.ActiveCfg = Debug|Any CPU
		{0C52CC07-16F7-4DC8-960B-3F9C6F65AB02}.Debug|Any CPU.Build.0 = Debug|Any CPU
		{0C52CC07-16F7-4DC8-960B-3F9C6F65AB02}.Release|Any CPU.ActiveCfg = Release|Any CPU
		{0C52CC07-16F7-4DC8-960B-3F9C6F65AB02}.Release|Any CPU.Build.0 = Release|Any CPU
		{7ECF92A9-A9E3-4BC0-96C1-242DF0BC26B5}.Debug|Any CPU.ActiveCfg = Debug|Any CPU
		{7ECF92A9-A9E3-4BC0-96C1-242DF0BC26B5}.Debug|Any CPU.Build.0 = Debug|Any CPU
		{7ECF92A9-A9E3-4BC0-96C1-242DF0BC26B5}.Release|Any CPU.ActiveCfg = Release|Any CPU
		{7ECF92A9-A9E3-4BC0-96C1-242DF0BC26B5}.Release|Any CPU.Build.0 = Release|Any CPU
	EndGlobalSection
	GlobalSection(SolutionProperties) = preSolution
		HideSolutionNode = FALSE
	EndGlobalSection
	GlobalSection(ExtensibilityGlobals) = postSolution
		SolutionGuid = {B5D05AB3-4D5C-4BAE-B097-370D345351C6}
	EndGlobalSection
EndGlobal
